{
  "pins" : [
    {
      "identity" : "mcemojipicker",
      "kind" : "remoteSourceControl",
      "location" : "https://github.com/izyumkin/MCEmojiPicker.git",
      "state" : {
        "revision" : "f5d135454d7bb1908fc43ec730e2616f2c40e20b",
        "version" : "1.2.2"
      }
    }
  ],
  "version" : 2
}
